// !$*UTF8*$!
{
	archiveVersion = 1;
	classes = {
	};
	objectVersion = 56;
	objects = {

/* Begin PBXBuildFile section */
		628FF01C29C92ECB00FD68DC /* main.swift in Sources */ = {isa = PBXBuildFile; fileRef = 628FF01B29C92ECB00FD68DC /* main.swift */; };
		628FF02929C9374C00FD68DC /* Subject.swift in Sources */ = {isa = PBXBuildFile; fileRef = 628FF02829C9374C00FD68DC /* Subject.swift */; };
		628FF02B29C938FE00FD68DC /* English.swift in Sources */ = {isa = PBXBuildFile; fileRef = 628FF02A29C938FE00FD68DC /* English.swift */; };
		628FF02D29C9390D00FD68DC /* Math.swift in Sources */ = {isa = PBXBuildFile; fileRef = 628FF02C29C9390D00FD68DC /* Math.swift */; };
		628FF02F29C9391A00FD68DC /* History.swift in Sources */ = {isa = PBXBuildFile; fileRef = 628FF02E29C9391A00FD68DC /* History.swift */; };
/* End PBXBuildFile section */

/* Begin PBXCopyFilesBuildPhase section */
		628FF01629C92ECB00FD68DC /* CopyFiles */ = {
			isa = PBXCopyFilesBuildPhase;
			buildActionMask = 2147483647;
			dstPath = /usr/share/man/man1/;
			dstSubfolderSpec = 0;
			files = (
			);
			runOnlyForDeploymentPostprocessing = 1;
		};
/* End PBXCopyFilesBuildPhase section */

/* Begin PBXFileReference section */
		628FF01829C92ECB00FD68DC /* Student Grades */ = {isa = PBXFileReference; explicitFileType = "compiled.mach-o.executable"; includeInIndex = 0; path = "Student Grades"; sourceTree = BUILT_PRODUCTS_DIR; };
		628FF01B29C92ECB00FD68DC /* main.swift */ = {isa = PBXFileReference; lastKnownFileType = sourcecode.swift; path = main.swift; sourceTree = "<group>"; };
		628FF02229C92EF800FD68DC /* sample.in */ = {isa = PBXFileReference; lastKnownFileType = text; path = sample.in; sourceTree = "<group>"; };
		628FF02329C92EF800FD68DC /* sample.out */ = {isa = PBXFileReference; lastKnownFileType = text; path = sample.out; sourceTree = "<group>"; };
		628FF02829C9374C00FD68DC /* Subject.swift */ = {isa = PBXFileReference; lastKnownFileType = sourcecode.swift; path = Subject.swift; sourceTree = "<group>"; };
		628FF02A29C938FE00FD68DC /* English.swift */ = {isa = PBXFileReference; lastKnownFileType = sourcecode.swift; path = English.swift; sourceTree = "<group>"; };
		628FF02C29C9390D00FD68DC /* Math.swift */ = {isa = PBXFileReference; lastKnownFileType = sourcecode.swift; path = Math.swift; sourceTree = "<group>"; };
		628FF02E29C9391A00FD68DC /* History.swift */ = {isa = PBXFileReference; lastKnownFileType = sourcecode.swift; path = History.swift; sourceTree = "<group>"; };
/* End PBXFileReference section */

/* Begin PBXFrameworksBuildPhase section */
		628FF01529C92ECB00FD68DC /* Frameworks */ = {
			isa = PBXFrameworksBuildPhase;
			buildActionMask = 2147483647;
			files = (
			);
			runOnlyForDeploymentPostprocessing = 0;
		};
/* End PBXFrameworksBuildPhase section */

/* Begin PBXGroup section */
		628FF00F29C92ECB00FD68DC = {
			isa = PBXGroup;
			children = (
				628FF01A29C92ECB00FD68DC /* Student Grades */,
				628FF01929C92ECB00FD68DC /* Products */,
			);
			sourceTree = "<group>";
		};
		628FF01929C92ECB00FD68DC /* Products */ = {
			isa = PBXGroup;
			children = (
				628FF01829C92ECB00FD68DC /* Student Grades */,
			);
			name = Products;
			sourceTree = "<group>";
		};
		628FF01A29C92ECB00FD68DC /* Student Grades */ = {
			isa = PBXGroup;
			children = (
				628FF01B29C92ECB00FD68DC /* main.swift */,
				628FF02829C9374C00FD68DC /* Subject.swift */,
				628FF02A29C938FE00FD68DC /* English.swift */,
				628FF02C29C9390D00FD68DC /* Math.swift */,
				628FF02E29C9391A00FD68DC /* History.swift */,
				628FF02229C92EF800FD68DC /* sample.in */,
				628FF02329C92EF800FD68DC /* sample.out */,
			);
			path = "Student Grades";
			sourceTree = "<group>";
		};
/* End PBXGroup section */

/* Begin PBXNativeTarget section */
		628FF01729C92ECB00FD68DC /* Student Grades */ = {
			isa = PBXNativeTarget;
			buildConfigurationList = 628FF01F29C92ECB00FD68DC /* Build configuration list for PBXNativeTarget "Student Grades" */;
			buildPhases = (
				628FF01429C92ECB00FD68DC /* Sources */,
				628FF01529C92ECB00FD68DC /* Frameworks */,
				628FF01629C92ECB00FD68DC /* CopyFiles */,
			);
			buildRules = (
			);
			dependencies = (
			);
			name = "Student Grades";
			productName = "Student Grades";
			productReference = 628FF01829C92ECB00FD68DC /* Student Grades */;
			productType = "com.apple.product-type.tool";
		};
/* End PBXNativeTarget section */

/* Begin PBXProject section */
		628FF01029C92ECB00FD68DC /* Project object */ = {
			isa = PBXProject;
			attributes = {
				BuildIndependentTargetsInParallel = 1;
				LastSwiftUpdateCheck = 1420;
				LastUpgradeCheck = 1420;
				TargetAttributes = {
					628FF01729C92ECB00FD68DC = {
						CreatedOnToolsVersion = 14.2;
					};
				};
			};
			buildConfigurationList = 628FF01329C92ECB00FD68DC /* Build configuration list for PBXProject "Student Grades" */;
			compatibilityVersion = "Xcode 14.0";
			developmentRegion = en;
			hasScannedForEncodings = 0;
			knownRegions = (
				en,
				Base,
			);
			mainGroup = 628FF00F29C92ECB00FD68DC;
			productRefGroup = 628FF01929C92ECB00FD68DC /* Products */;
			projectDirPath = "";
			projectRoot = "";
			targets = (
				628FF01729C92ECB00FD68DC /* Student Grades */,
			);
		};
/* End PBXProject section */

/* Begin PBXSourcesBuildPhase section */
		628FF01429C92ECB00FD68DC /* Sources */ = {
			isa = PBXSourcesBuildPhase;
			buildActionMask = 2147483647;
			files = (
				628FF02929C9374C00FD68DC /* Subject.swift in Sources */,
				628FF02B29C938FE00FD68DC /* English.swift in Sources */,
				628FF01C29C92ECB00FD68DC /* main.swift in Sources */,
				628FF02D29C9390D00FD68DC /* Math.swift in Sources */,
				628FF02F29C9391A00FD68DC /* History.swift in Sources */,
			);
			runOnlyForDeploymentPostprocessing = 0;
		};
/* End PBXSourcesBuildPhase section */

/* Begin XCBuildConfiguration section */
		628FF01D29C92ECB00FD68DC /* Debug */ = {
			isa = XCBuildConfiguration;
			buildSettings = {
				ALWAYS_SEARCH_USER_PATHS = NO;
				CLANG_ANALYZER_NONNULL = YES;
				CLANG_ANALYZER_NUMBER_OBJECT_CONVERSION = YES_AGGRESSIVE;
				CLANG_CXX_LANGUAGE_STANDARD = "gnu++20";
				CLANG_ENABLE_MODULES = YES;
				CLANG_ENABLE_OBJC_ARC = YES;
				CLANG_ENABLE_OBJC_WEAK = YES;
				CLANG_WARN_BLOCK_CAPTURE_AUTORELEASING = YES;
				CLANG_WARN_BOOL_CONVERSION = YES;
				CLANG_WARN_COMMA = YES;
				CLANG_WARN_CONSTANT_CONVERSION = YES;
				CLANG_WARN_DEPRECATED_OBJC_IMPLEMENTATIONS = YES;
				CLANG_WARN_DIRECT_OBJC_ISA_USAGE = YES_ERROR;
				CLANG_WARN_DOCUMENTATION_COMMENTS = YES;
				CLANG_WARN_EMPTY_BODY = YES;
				CLANG_WARN_ENUM_CONVERSION = YES;
				CLANG_WARN_INFINITE_RECURSION = YES;
				CLANG_WARN_INT_CONVERSION = YES;
				CLANG_WARN_NON_LITERAL_NULL_CONVERSION = YES;
				CLANG_WARN_OBJC_IMPLICIT_RETAIN_SELF = YES;
				CLANG_WARN_OBJC_LITERAL_CONVERSION = YES;
				CLANG_WARN_OBJC_ROOT_CLASS = YES_ERROR;
				CLANG_WARN_QUOTED_INCLUDE_IN_FRAMEWORK_HEADER = YES;
				CLANG_WARN_RANGE_LOOP_ANALYSIS = YES;
				CLANG_WARN_STRICT_PROTOTYPES = YES;
				CLANG_WARN_SUSPICIOUS_MOVE = YES;
				CLANG_WARN_UNGUARDED_AVAILABILITY = YES_AGGRESSIVE;
				CLANG_WARN_UNREACHABLE_CODE = YES;
				CLANG_WARN__DUPLICATE_METHOD_MATCH = YES;
				COPY_PHASE_STRIP = NO;
				DEBUG_INFORMATION_FORMAT = dwarf;
				ENABLE_STRICT_OBJC_MSGSEND = YES;
				ENABLE_TESTABILITY = YES;
				GCC_C_LANGUAGE_STANDARD = gnu11;
				GCC_DYNAMIC_NO_PIC = NO;
				GCC_NO_COMMON_BLOCKS = YES;
				GCC_OPTIMIZATION_LEVEL = 0;
				GCC_PREPROCESSOR_DEFINITIONS = (
					"DEBUG=1",
					"$(inherited)",
				);
				GCC_WARN_64_TO_32_BIT_CONVERSION = YES;
				GCC_WARN_ABOUT_RETURN_TYPE = YES_ERROR;
				GCC_WARN_UNDECLARED_SELECTOR = YES;
				GCC_WARN_UNINITIALIZED_AUTOS = YES_AGGRESSIVE;
				GCC_WARN_UNUSED_FUNCTION = YES;
				GCC_WARN_UNUSED_VARIABLE = YES;
				MACOSX_DEPLOYMENT_TARGET = 13.1;
				MTL_ENABLE_DEBUG_INFO = INCLUDE_SOURCE;
				MTL_FAST_MATH = YES;
				ONLY_ACTIVE_ARCH = YES;
				SDKROOT = macosx;
				SWIFT_ACTIVE_COMPILATION_CONDITIONS = DEBUG;
				SWIFT_OPTIMIZATION_LEVEL = "-Onone";
			};
			name = Debug;
		};
		628FF01E29C92ECB00FD68DC /* Release */ = {
			isa = XCBuildConfiguration;
			buildSettings = {
				ALWAYS_SEARCH_USER_PATHS = NO;
				CLANG_ANALYZER_NONNULL = YES;
				CLANG_ANALYZER_NUMBER_OBJECT_CONVERSION = YES_AGGRESSIVE;
				CLANG_CXX_LANGUAGE_STANDARD = "gnu++20";
				CLANG_ENABLE_MODULES = YES;
				CLANG_ENABLE_OBJC_ARC = YES;
				CLANG_ENABLE_OBJC_WEAK = YES;
				CLANG_WARN_BLOCK_CAPTURE_AUTORELEASING = YES;
				CLANG_WARN_BOOL_CONVERSION = YES;
				CLANG_WARN_COMMA = YES;
				CLANG_WARN_CONSTANT_CONVERSION = YES;
				CLANG_WARN_DEPRECATED_OBJC_IMPLEMENTATIONS = YES;
				CLANG_WARN_DIRECT_OBJC_ISA_USAGE = YES_ERROR;
				CLANG_WARN_DOCUMENTATION_COMMENTS = YES;
				CLANG_WARN_EMPTY_BODY = YES;
				CLANG_WARN_ENUM_CONVERSION = YES;
				CLANG_WARN_INFINITE_RECURSION = YES;
				CLANG_WARN_INT_CONVERSION = YES;
				CLANG_WARN_NON_LITERAL_NULL_CONVERSION = YES;
				CLANG_WARN_OBJC_IMPLICIT_RETAIN_SELF = YES;
				CLANG_WARN_OBJC_LITERAL_CONVERSION = YES;
				CLANG_WARN_OBJC_ROOT_CLASS = YES_ERROR;
				CLANG_WARN_QUOTED_INCLUDE_IN_FRAMEWORK_HEADER = YES;
				CLANG_WARN_RANGE_LOOP_ANALYSIS = YES;
				CLANG_WARN_STRICT_PROTOTYPES = YES;
				CLANG_WARN_SUSPICIOUS_MOVE = YES;
				CLANG_WARN_UNGUARDED_AVAILABILITY = YES_AGGRESSIVE;
				CLANG_WARN_UNREACHABLE_CODE = YES;
				CLANG_WARN__DUPLICATE_METHOD_MATCH = YES;
				COPY_PHASE_STRIP = NO;
				DEBUG_INFORMATION_FORMAT = "dwarf-with-dsym";
				ENABLE_NS_ASSERTIONS = NO;
				ENABLE_STRICT_OBJC_MSGSEND = YES;
				GCC_C_LANGUAGE_STANDARD = gnu11;
				GCC_NO_COMMON_BLOCKS = YES;
				GCC_WARN_64_TO_32_BIT_CONVERSION = YES;
				GCC_WARN_ABOUT_RETURN_TYPE = YES_ERROR;
				GCC_WARN_UNDECLARED_SELECTOR = YES;
				GCC_WARN_UNINITIALIZED_AUTOS = YES_AGGRESSIVE;
				GCC_WARN_UNUSED_FUNCTION = YES;
				GCC_WARN_UNUSED_VARIABLE = YES;
				MACOSX_DEPLOYMENT_TARGET = 13.1;
				MTL_ENABLE_DEBUG_INFO = NO;
				MTL_FAST_MATH = YES;
				SDKROOT = macosx;
				SWIFT_COMPILATION_MODE = wholemodule;
				SWIFT_OPTIMIZATION_LEVEL = "-O";
			};
			name = Release;
		};
		628FF02029C92ECB00FD68DC /* Debug */ = {
			isa = XCBuildConfiguration;
			buildSettings = {
				CODE_SIGN_STYLE = Automatic;
				DEVELOPMENT_TEAM = B6QF5VZUBU;
				ENABLE_HARDENED_RUNTIME = YES;
				PRODUCT_NAME = "$(TARGET_NAME)";
				SWIFT_VERSION = 5.0;
			};
			name = Debug;
		};
		628FF02129C92ECB00FD68DC /* Release */ = {
			isa = XCBuildConfiguration;
			buildSettings = {
				CODE_SIGN_STYLE = Automatic;
				DEVELOPMENT_TEAM = B6QF5VZUBU;
				ENABLE_HARDENED_RUNTIME = YES;
				PRODUCT_NAME = "$(TARGET_NAME)";
				SWIFT_VERSION = 5.0;
			};
			name = Release;
		};
/* End XCBuildConfiguration section */

/* Begin XCConfigurationList section */
		628FF01329C92ECB00FD68DC /* Build configuration list for PBXProject "Student Grades" */ = {
			isa = XCConfigurationList;
			buildConfigurations = (
				628FF01D29C92ECB00FD68DC /* Debug */,
				628FF01E29C92ECB00FD68DC /* Release */,
			);
			defaultConfigurationIsVisible = 0;
			defaultConfigurationName = Release;
		};
		628FF01F29C92ECB00FD68DC /* Build configuration list for PBXNativeTarget "Student Grades" */ = {
			isa = XCConfigurationList;
			buildConfigurations = (
				628FF02029C92ECB00FD68DC /* Debug */,
				628FF02129C92ECB00FD68DC /* Release */,
			);
			defaultConfigurationIsVisible = 0;
			defaultConfigurationName = Release;
		};
/* End XCConfigurationList section */
	};
	rootObject = 628FF01029C92ECB00FD68DC /* Project object */;
}
